
Microsoft Visual Studio Solution File, Format Version 12.00
# Visual Studio 15
VisualStudioVersion = 15.0.26730.12
MinimumVisualStudioVersion = 10.0.40219.1
Project("{FAE04EC0-301F-11D3-BF4B-00C04F79EFBC}") = "LabString", "LabString\LabString.csproj", "{8866237F-9D9E-4484-A596-E1526251EFE3}"
EndProject
Global
	GlobalSection(SolutionConfigurationPlatforms) = preSolution
		Debug|Any CPU = Debug|Any CPU
		Release|Any CPU = Release|Any CPU
	EndGlobalSection
	GlobalSection(ProjectConfigurationPlatforms) = postSolution
		{8866237F-9D9E-4484-A596-E1526251EFE3}.Debug|Any CPU.ActiveCfg = Debug|Any CPU
		{8866237F-9D9E-4484-A596-E1526251EFE3}.Debug|Any CPU.Build.0 = Debug|Any CPU
		{8866237F-9D9E-4484-A596-E1526251EFE3}.Release|Any CPU.ActiveCfg = Release|Any CPU
		{8866237F-9D9E-4484-A596-E1526251EFE3}.Release|Any CPU.Build.0 = Release|Any CPU
	EndGlobalSection
	GlobalSection(SolutionProperties) = preSolution
		HideSolutionNode = FALSE
	EndGlobalSection
	GlobalSection(ExtensibilityGlobals) = postSolution
		SolutionGuid = {52C10F65-CD3C-406D-8F12-0D3E95A08A99}
	EndGlobalSection
EndGlobal
